// !$*UTF8*$!
{
	archiveVersion = 1;
	classes = {
	};
	objectVersion = 77;
	objects = {

/* Begin PBXBuildFile section */
		2128EA812FEF33F4007DA2B3 /* Supabase in Frameworks */ = {isa = PBXBuildFile; productRef = 2128EA802FEF33F4007DA2B3 /* Supabase */; };
		21CC99CF2F161A9C00963099 /* FootballGPS Watch App.app in Embed Watch Content */ = {isa = PBXBuildFile; fileRef = 215786B22F10F08300E3541D /* FootballGPS Watch App.app */; settings = {ATTRIBUTES = (RemoveHeadersOnCopy, ); }; };
		59AD80178604D70A8BC89053 /* GoogleMobileAds in Frameworks */ = {isa = PBXBuildFile; productRef = 5D32878304E6A7FF2A62A05A /* GoogleMobileAds */; };
/* End PBXBuildFile section */

/* Begin PBXContainerItemProxy section */
		21A4CB792EE8EBAD0004C8F0 /* PBXContainerItemProxy */ = {
			isa = PBXContainerItemProxy;
			containerPortal = 21A4CB632EE8EBAA0004C8F0 /* Project object */;
			proxyType = 1;
			remoteGlobalIDString = 21A4CB6A2EE8EBAA0004C8F0;
			remoteInfo = FootballGPS;
		};
		21A4CB832EE8EBAD0004C8F0 /* PBXContainerItemProxy */ = {
			isa = PBXContainerItemProxy;
			containerPortal = 21A4CB632EE8EBAA0004C8F0 /* Project object */;
			proxyType = 1;
			remoteGlobalIDString = 21A4CB6A2EE8EBAA0004C8F0;
			remoteInfo = FootballGPS;
		};
		21CC99D02F161A9D00963099 /* PBXContainerItemProxy */ = {
			isa = PBXContainerItemProxy;
			containerPortal = 21A4CB632EE8EBAA0004C8F0 /* Project object */;
			proxyType = 1;
			remoteGlobalIDString = 215786B12F10F08300E3541D;
			remoteInfo = "FootballGPS Watch App";
		};
/* End PBXContainerItemProxy section */

/* Begin PBXCopyFilesBuildPhase section */
		21A4CBB42EE8EBAE0004C8F0 /* Embed Watch Content */ = {
			isa = PBXCopyFilesBuildPhase;
			buildActionMask = 2147483647;
			dstPath = "$(CONTENTS_FOLDER_PATH)/Watch";
			dstSubfolderSpec = 16;
			files = (
				21CC99CF2F161A9C00963099 /* FootballGPS Watch App.app in Embed Watch Content */,
			);
			name = "Embed Watch Content";
			runOnlyForDeploymentPostprocessing = 0;
		};
/* End PBXCopyFilesBuildPhase section */

/* Begin PBXFileReference section */
		215786B22F10F08300E3541D /* FootballGPS Watch App.app */ = {isa = PBXFileReference; explicitFileType = wrapper.application; includeInIndex = 0; path = "FootballGPS Watch App.app"; sourceTree = BUILT_PRODUCTS_DIR; };
		21A4CB6B2EE8EBAA0004C8F0 /* FootballGPS.app */ = {isa = PBXFileReference; explicitFileType = wrapper.application; includeInIndex = 0; path = FootballGPS.app; sourceTree = BUILT_PRODUCTS_DIR; };
		21A4CB782EE8EBAD0004C8F0 /* FootballGPSTests.xctest */ = {isa = PBXFileReference; explicitFileType = wrapper.cfbundle; includeInIndex = 0; path = FootballGPSTests.xctest; sourceTree = BUILT_PRODUCTS_DIR; };
		21A4CB822EE8EBAD0004C8F0 /* FootballGPSUITests.xctest */ = {isa = PBXFileReference; explicitFileType = wrapper.cfbundle; includeInIndex = 0; path = FootballGPSUITests.xctest; sourceTree = BUILT_PRODUCTS_DIR; };
/* End PBXFileReference section */

/* Begin PBXFileSystemSynchronizedBuildFileExceptionSet section */
		2192DA0E2F11412300A86A28 /* Exceptions for "FootballGPS Watch App" folder in "FootballGPS Watch App" target */ = {
			isa = PBXFileSystemSynchronizedBuildFileExceptionSet;
			membershipExceptions = (
				Assets.xcassets,
				WatchConnectivityService.swift,
				WatchFootballGPS_Watch_App.swift,
				WatchWorkoutManager.swift,
				WatchWorkoutView.swift,
				"実機テスト手順書.md",
			);
			target = 215786B12F10F08300E3541D /* FootballGPS Watch App */;
		};
		21A4CBE72EE93F220004C8F0 /* Exceptions for "FootballGPS" folder in "FootballGPS" target */ = {
			isa = PBXFileSystemSynchronizedBuildFileExceptionSet;
			membershipExceptions = (
				Info.plist,
			);
			target = 21A4CB6A2EE8EBAA0004C8F0 /* FootballGPS */;
		};
		21F0E19E2F177FF900A56844 /* Exceptions for "FootballGPS" folder in "FootballGPS Watch App" target */ = {
			isa = PBXFileSystemSynchronizedBuildFileExceptionSet;
			membershipExceptions = (
				ModelsTrainingSession.swift,
			);
			target = 215786B12F10F08300E3541D /* FootballGPS Watch App */;
		};
/* End PBXFileSystemSynchronizedBuildFileExceptionSet section */

/* Begin PBXFileSystemSynchronizedRootGroup section */
		21A4CB6D2EE8EBAA0004C8F0 /* FootballGPS */ = {
			isa = PBXFileSystemSynchronizedRootGroup;
			exceptions = (
				21A4CBE72EE93F220004C8F0 /* Exceptions for "FootballGPS" folder in "FootballGPS" target */,
				21F0E19E2F177FF900A56844 /* Exceptions for "FootballGPS" folder in "FootballGPS Watch App" target */,
			);
			path = FootballGPS;
			sourceTree = "<group>";
		};
		21A4CB7B2EE8EBAD0004C8F0 /* FootballGPSTests */ = {
			isa = PBXFileSystemSynchronizedRootGroup;
			path = FootballGPSTests;
			sourceTree = "<group>";
		};
		21A4CB852EE8EBAD0004C8F0 /* FootballGPSUITests */ = {
			isa = PBXFileSystemSynchronizedRootGroup;
			path = FootballGPSUITests;
			sourceTree = "<group>";
		};
		21A4CB922EE8EBAD0004C8F0 /* FootballGPS Watch App */ = {
			isa = PBXFileSystemSynchronizedRootGroup;
			exceptions = (
				2192DA0E2F11412300A86A28 /* Exceptions for "FootballGPS Watch App" folder in "FootballGPS Watch App" target */,
			);
			path = "FootballGPS Watch App";
			sourceTree = "<group>";
		};
		21A4CBA02EE8EBAE0004C8F0 /* FootballGPS Watch AppTests */ = {
			isa = PBXFileSystemSynchronizedRootGroup;
			path = "FootballGPS Watch AppTests";
			sourceTree = "<group>";
		};
		21A4CBAA2EE8EBAE0004C8F0 /* FootballGPS Watch AppUITests */ = {
			isa = PBXFileSystemSynchronizedRootGroup;
			path = "FootballGPS Watch AppUITests";
			sourceTree = "<group>";
		};
/* End PBXFileSystemSynchronizedRootGroup section */

/* Begin PBXFrameworksBuildPhase section */
		215786AF2F10F08300E3541D /* Frameworks */ = {
			isa = PBXFrameworksBuildPhase;
			buildActionMask = 2147483647;
			files = (
			);
			runOnlyForDeploymentPostprocessing = 0;
		};
		21A4CB682EE8EBAA0004C8F0 /* Frameworks */ = {
			isa = PBXFrameworksBuildPhase;
			buildActionMask = 2147483647;
			files = (
				2128EA812FEF33F4007DA2B3 /* Supabase in Frameworks */,
				59AD80178604D70A8BC89053 /* GoogleMobileAds in Frameworks */,
			);
			runOnlyForDeploymentPostprocessing = 0;
		};
		21A4CB752EE8EBAD0004C8F0 /* Frameworks */ = {
			isa = PBXFrameworksBuildPhase;
			buildActionMask = 2147483647;
			files = (
			);
			runOnlyForDeploymentPostprocessing = 0;
		};
		21A4CB7F2EE8EBAD0004C8F0 /* Frameworks */ = {
			isa = PBXFrameworksBuildPhase;
			buildActionMask = 2147483647;
			files = (
			);
			runOnlyForDeploymentPostprocessing = 0;
		};
/* End PBXFrameworksBuildPhase section */

/* Begin PBXGroup section */
		21A4CB622EE8EBAA0004C8F0 = {
			isa = PBXGroup;
			children = (
				21A4CB6D2EE8EBAA0004C8F0 /* FootballGPS */,
				21A4CB7B2EE8EBAD0004C8F0 /* FootballGPSTests */,
				21A4CB852EE8EBAD0004C8F0 /* FootballGPSUITests */,
				21A4CB922EE8EBAD0004C8F0 /* FootballGPS Watch App */,
				21A4CBA02EE8EBAE0004C8F0 /* FootballGPS Watch AppTests */,
				21A4CBAA2EE8EBAE0004C8F0 /* FootballGPS Watch AppUITests */,
				21CC99CE2F161A9C00963099 /* Frameworks */,
				21A4CB6C2EE8EBAA0004C8F0 /* Products */,
			);
			sourceTree = "<group>";
		};
		21A4CB6C2EE8EBAA0004C8F0 /* Products */ = {
			isa = PBXGroup;
			children = (
				21A4CB6B2EE8EBAA0004C8F0 /* FootballGPS.app */,
				21A4CB782EE8EBAD0004C8F0 /* FootballGPSTests.xctest */,
				21A4CB822EE8EBAD0004C8F0 /* FootballGPSUITests.xctest */,
				215786B22F10F08300E3541D /* FootballGPS Watch App.app */,
			);
			name = Products;
			sourceTree = "<group>";
		};
		21CC99CE2F161A9C00963099 /* Frameworks */ = {
			isa = PBXGroup;
			children = (
			);
			name = Frameworks;
			sourceTree = "<group>";
		};
/* End PBXGroup section */

/* Begin PBXNativeTarget section */
		215786B12F10F08300E3541D /* FootballGPS Watch App */ = {
			isa = PBXNativeTarget;
			buildConfigurationList = 215786BD2F10F08500E3541D /* Build configuration list for PBXNativeTarget "FootballGPS Watch App" */;
			buildPhases = (
				215786AE2F10F08300E3541D /* Sources */,
				215786AF2F10F08300E3541D /* Frameworks */,
				215786B02F10F08300E3541D /* Resources */,
			);
			buildRules = (
			);
			dependencies = (
			);
			name = "FootballGPS Watch App";
			packageProductDependencies = (
			);
			productName = "FootballGPS Watch App Watch App";
			productReference = 215786B22F10F08300E3541D /* FootballGPS Watch App.app */;
			productType = "com.apple.product-type.application";
		};
		21A4CB6A2EE8EBAA0004C8F0 /* FootballGPS */ = {
			isa = PBXNativeTarget;
			buildConfigurationList = 21A4CBB52EE8EBAE0004C8F0 /* Build configuration list for PBXNativeTarget "FootballGPS" */;
			buildPhases = (
				21A4CB672EE8EBAA0004C8F0 /* Sources */,
				21A4CB682EE8EBAA0004C8F0 /* Frameworks */,
				21A4CB692EE8EBAA0004C8F0 /* Resources */,
				21A4CBB42EE8EBAE0004C8F0 /* Embed Watch Content */,
			);
			buildRules = (
			);
			dependencies = (
				21CC99D12F161A9D00963099 /* PBXTargetDependency */,
			);
			fileSystemSynchronizedGroups = (
				21A4CB6D2EE8EBAA0004C8F0 /* FootballGPS */,
			);
			name = FootballGPS;
			packageProductDependencies = (
				2128EA802FEF33F4007DA2B3 /* Supabase */,
				5D32878304E6A7FF2A62A05A /* GoogleMobileAds */,
			);
			productName = FootballGPS;
			productReference = 21A4CB6B2EE8EBAA0004C8F0 /* FootballGPS.app */;
			productType = "com.apple.product-type.application";
		};
		21A4CB772EE8EBAD0004C8F0 /* FootballGPSTests */ = {
			isa = PBXNativeTarget;
			buildConfigurationList = 21A4CBB82EE8EBAE0004C8F0 /* Build configuration list for PBXNativeTarget "FootballGPSTests" */;
			buildPhases = (
				21A4CB742EE8EBAD0004C8F0 /* Sources */,
				21A4CB752EE8EBAD0004C8F0 /* Frameworks */,
				21A4CB762EE8EBAD0004C8F0 /* Resources */,
			);
			buildRules = (
			);
			dependencies = (
				21A4CB7A2EE8EBAD0004C8F0 /* PBXTargetDependency */,
			);
			fileSystemSynchronizedGroups = (
				21A4CB7B2EE8EBAD0004C8F0 /* FootballGPSTests */,
			);
			name = FootballGPSTests;
			packageProductDependencies = (
			);
			productName = FootballGPSTests;
			productReference = 21A4CB782EE8EBAD0004C8F0 /* FootballGPSTests.xctest */;
			productType = "com.apple.product-type.bundle.unit-test";
		};
		21A4CB812EE8EBAD0004C8F0 /* FootballGPSUITests */ = {
			isa = PBXNativeTarget;
			buildConfigurationList = 21A4CBBB2EE8EBAE0004C8F0 /* Build configuration list for PBXNativeTarget "FootballGPSUITests" */;
			buildPhases = (
				21A4CB7E2EE8EBAD0004C8F0 /* Sources */,
				21A4CB7F2EE8EBAD0004C8F0 /* Frameworks */,
				21A4CB802EE8EBAD0004C8F0 /* Resources */,
			);
			buildRules = (
			);
			dependencies = (
				21A4CB842EE8EBAD0004C8F0 /* PBXTargetDependency */,
			);
			fileSystemSynchronizedGroups = (
				21A4CB852EE8EBAD0004C8F0 /* FootballGPSUITests */,
			);
			name = FootballGPSUITests;
			packageProductDependencies = (
			);
			productName = FootballGPSUITests;
			productReference = 21A4CB822EE8EBAD0004C8F0 /* FootballGPSUITests.xctest */;
			productType = "com.apple.product-type.bundle.ui-testing";
		};
/* End PBXNativeTarget section */

/* Begin PBXProject section */
		21A4CB632EE8EBAA0004C8F0 /* Project object */ = {
			isa = PBXProject;
			attributes = {
				BuildIndependentTargetsInParallel = 1;
				LastSwiftUpdateCheck = 2620;
				LastUpgradeCheck = 2610;
				TargetAttributes = {
					215786B12F10F08300E3541D = {
						CreatedOnToolsVersion = 26.2;
					};
					21A4CB6A2EE8EBAA0004C8F0 = {
						CreatedOnToolsVersion = 26.1.1;
					};
					21A4CB772EE8EBAD0004C8F0 = {
						CreatedOnToolsVersion = 26.1.1;
						TestTargetID = 21A4CB6A2EE8EBAA0004C8F0;
					};
					21A4CB812EE8EBAD0004C8F0 = {
						CreatedOnToolsVersion = 26.1.1;
						TestTargetID = 21A4CB6A2EE8EBAA0004C8F0;
					};
				};
			};
			buildConfigurationList = 21A4CB662EE8EBAA0004C8F0 /* Build configuration list for PBXProject "FootballGPS" */;
			developmentRegion = en;
			hasScannedForEncodings = 0;
			knownRegions = (
				en,
				Base,
			);
			mainGroup = 21A4CB622EE8EBAA0004C8F0;
			minimizedProjectReferenceProxies = 1;
			packageReferences = (
				2128EA7F2FEF30DE007DA2B3 /* XCRemoteSwiftPackageReference "supabase-swift" */,
				7436C507513A1B825B82A790 /* XCRemoteSwiftPackageReference "swift-package-manager-google-mobile-ads" */,
			);
			preferredProjectObjectVersion = 77;
			productRefGroup = 21A4CB6C2EE8EBAA0004C8F0 /* Products */;
			projectDirPath = "";
			projectRoot = "";
			targets = (
				21A4CB6A2EE8EBAA0004C8F0 /* FootballGPS */,
				21A4CB772EE8EBAD0004C8F0 /* FootballGPSTests */,
				21A4CB812EE8EBAD0004C8F0 /* FootballGPSUITests */,
				215786B12F10F08300E3541D /* FootballGPS Watch App */,
			);
		};
/* End PBXProject section */

/* Begin PBXResourcesBuildPhase section */
		215786B02F10F08300E3541D /* Resources */ = {
			isa = PBXResourcesBuildPhase;
			buildActionMask = 2147483647;
			files = (
			);
			runOnlyForDeploymentPostprocessing = 0;
		};
		21A4CB692EE8EBAA0004C8F0 /* Resources */ = {
			isa = PBXResourcesBuildPhase;
			buildActionMask = 2147483647;
			files = (
			);
			runOnlyForDeploymentPostprocessing = 0;
		};
		21A4CB762EE8EBAD0004C8F0 /* Resources */ = {
			isa = PBXResourcesBuildPhase;
			buildActionMask = 2147483647;
			files = (
			);
			runOnlyForDeploymentPostprocessing = 0;
		};
		21A4CB802EE8EBAD0004C8F0 /* Resources */ = {
			isa = PBXResourcesBuildPhase;
			buildActionMask = 2147483647;
			files = (
			);
			runOnlyForDeploymentPostprocessing = 0;
		};
/* End PBXResourcesBuildPhase section */

/* Begin PBXSourcesBuildPhase section */
		215786AE2F10F08300E3541D /* Sources */ = {
			isa = PBXSourcesBuildPhase;
			buildActionMask = 2147483647;
			files = (
			);
			runOnlyForDeploymentPostprocessing = 0;
		};
		21A4CB672EE8EBAA0004C8F0 /* Sources */ = {
			isa = PBXSourcesBuildPhase;
			buildActionMask = 2147483647;
			files = (
			);
			runOnlyForDeploymentPostprocessing = 0;
		};
		21A4CB742EE8EBAD0004C8F0 /* Sources */ = {
			isa = PBXSourcesBuildPhase;
			buildActionMask = 2147483647;
			files = (
			);
			runOnlyForDeploymentPostprocessing = 0;
		};
		21A4CB7E2EE8EBAD0004C8F0 /* Sources */ = {
			isa = PBXSourcesBuildPhase;
			buildActionMask = 2147483647;
			files = (
			);
			runOnlyForDeploymentPostprocessing = 0;
		};
/* End PBXSourcesBuildPhase section */

/* Begin PBXTargetDependency section */
		21A4CB7A2EE8EBAD0004C8F0 /* PBXTargetDependency */ = {
			isa = PBXTargetDependency;
			target = 21A4CB6A2EE8EBAA0004C8F0 /* FootballGPS */;
			targetProxy = 21A4CB792EE8EBAD0004C8F0 /* PBXContainerItemProxy */;
		};
		21A4CB842EE8EBAD0004C8F0 /* PBXTargetDependency */ = {
			isa = PBXTargetDependency;
			target = 21A4CB6A2EE8EBAA0004C8F0 /* FootballGPS */;
			targetProxy = 21A4CB832EE8EBAD0004C8F0 /* PBXContainerItemProxy */;
		};
		21CC99D12F161A9D00963099 /* PBXTargetDependency */ = {
			isa = PBXTargetDependency;
			target = 215786B12F10F08300E3541D /* FootballGPS Watch App */;
			targetProxy = 21CC99D02F161A9D00963099 /* PBXContainerItemProxy */;
		};
/* End PBXTargetDependency section */

/* Begin XCBuildConfiguration section */
		215786BE2F10F08500E3541D /* Debug */ = {
			isa = XCBuildConfiguration;
			buildSettings = {
				ASSETCATALOG_COMPILER_APPICON_NAME = AppIcon;
				ASSETCATALOG_COMPILER_GLOBAL_ACCENT_COLOR_NAME = AccentColor;
				CODE_SIGN_ENTITLEMENTS = "FootballGPS Watch App/FootballGPS Watch App.entitlements";
				CODE_SIGN_IDENTITY = "Apple Development";
				CODE_SIGN_STYLE = Automatic;
				CURRENT_PROJECT_VERSION = 1;
				DEVELOPMENT_TEAM = 25J8Y55P5B;
				ENABLE_PREVIEWS = YES;
				GENERATE_INFOPLIST_FILE = YES;
				INFOPLIST_FILE = "FootballGPS-Watch-App-Info.plist";
				INFOPLIST_KEY_CFBundleDisplayName = "FootballGPS Watch App";
				INFOPLIST_KEY_NSHealthShareUsageDescription = "ワークアウトデータを記録するためにHealthKitを使用します";
				INFOPLIST_KEY_NSHealthUpdateUsageDescription = "ワークアウトデータを保存するためにHealthKitを使用します";
				INFOPLIST_KEY_NSLocationWhenInUseUsageDescription = "サッカー練習中のGPSトラッキングに位置情報を使用します";
				INFOPLIST_KEY_UISupportedInterfaceOrientations = "UIInterfaceOrientationPortrait UIInterfaceOrientationPortraitUpsideDown";
				INFOPLIST_KEY_WKCompanionAppBundleIdentifier = com.fieldline.footballgps;
				LD_RUNPATH_SEARCH_PATHS = (
					"$(inherited)",
					"@executable_path/Frameworks",
				);
				MARKETING_VERSION = 1.0;
				PRODUCT_BUNDLE_IDENTIFIER = com.fieldline.footballgps.watchapp;
				PRODUCT_NAME = "$(TARGET_NAME)";
				PROVISIONING_PROFILE_SPECIFIER = "";
				SDKROOT = watchos;
				SKIP_INSTALL = YES;
				STRING_CATALOG_GENERATE_SYMBOLS = YES;
				SWIFT_APPROACHABLE_CONCURRENCY = YES;
				SWIFT_DEFAULT_ACTOR_ISOLATION = MainActor;
				SWIFT_EMIT_LOC_STRINGS = YES;
				SWIFT_UPCOMING_FEATURE_MEMBER_IMPORT_VISIBILITY = YES;
				SWIFT_VERSION = 5.0;
				TARGETED_DEVICE_FAMILY = 4;
				WATCHOS_DEPLOYMENT_TARGET = 26.0;
			};
			name = Debug;
		};
		215786BF2F10F08500E3541D /* Release */ = {
			isa = XCBuildConfiguration;
			buildSettings = {
				ASSETCATALOG_COMPILER_APPICON_NAME = AppIcon;
				ASSETCATALOG_COMPILER_GLOBAL_ACCENT_COLOR_NAME = AccentColor;
				CODE_SIGN_ENTITLEMENTS = "FootballGPS Watch App/FootballGPS Watch App.entitlements";
				CODE_SIGN_IDENTITY = "Apple Development";
				CODE_SIGN_STYLE = Automatic;
				CURRENT_PROJECT_VERSION = 1;
				DEVELOPMENT_TEAM = 25J8Y55P5B;
				ENABLE_PREVIEWS = YES;
				GENERATE_INFOPLIST_FILE = YES;
				INFOPLIST_FILE = "FootballGPS-Watch-App-Info.plist";
				INFOPLIST_KEY_CFBundleDisplayName = "FootballGPS Watch App";
				INFOPLIST_KEY_NSHealthShareUsageDescription = "ワークアウトデータを記録するためにHealthKitを使用します";
				INFOPLIST_KEY_NSHealthUpdateUsageDescription = "ワークアウトデータを保存するためにHealthKitを使用します";
				INFOPLIST_KEY_NSLocationWhenInUseUsageDescription = "サッカー練習中のGPSトラッキングに位置情報を使用します";
				INFOPLIST_KEY_UISupportedInterfaceOrientations = "UIInterfaceOrientationPortrait UIInterfaceOrientationPortraitUpsideDown";
				INFOPLIST_KEY_WKCompanionAppBundleIdentifier = com.fieldline.footballgps;
				LD_RUNPATH_SEARCH_PATHS = (
					"$(inherited)",
					"@executable_path/Frameworks",
				);
				MARKETING_VERSION = 1.0;
				PRODUCT_BUNDLE_IDENTIFIER = com.fieldline.footballgps.watchapp;
				PRODUCT_NAME = "$(TARGET_NAME)";
				PROVISIONING_PROFILE_SPECIFIER = "";
				SDKROOT = watchos;
				SKIP_INSTALL = YES;
				STRING_CATALOG_GENERATE_SYMBOLS = YES;
				SWIFT_APPROACHABLE_CONCURRENCY = YES;
				SWIFT_DEFAULT_ACTOR_ISOLATION = MainActor;
				SWIFT_EMIT_LOC_STRINGS = YES;
				SWIFT_UPCOMING_FEATURE_MEMBER_IMPORT_VISIBILITY = YES;
				SWIFT_VERSION = 5.0;
				TARGETED_DEVICE_FAMILY = 4;
				VALIDATE_PRODUCT = YES;
				WATCHOS_DEPLOYMENT_TARGET = 26.0;
			};
			name = Release;
		};
		21A4CBAF2EE8EBAE0004C8F0 /* Debug */ = {
			isa = XCBuildConfiguration;
			buildSettings = {
				ALWAYS_SEARCH_USER_PATHS = NO;
				ASSETCATALOG_COMPILER_GENERATE_SWIFT_ASSET_SYMBOL_EXTENSIONS = YES;
				CLANG_ANALYZER_NONNULL = YES;
				CLANG_ANALYZER_NUMBER_OBJECT_CONVERSION = YES_AGGRESSIVE;
				CLANG_CXX_LANGUAGE_STANDARD = "gnu++20";
				CLANG_ENABLE_MODULES = YES;
				CLANG_ENABLE_OBJC_ARC = YES;
				CLANG_ENABLE_OBJC_WEAK = YES;
				CLANG_WARN_BLOCK_CAPTURE_AUTORELEASING = YES;
				CLANG_WARN_BOOL_CONVERSION = YES;
				CLANG_WARN_COMMA = YES;
				CLANG_WARN_CONSTANT_CONVERSION = YES;
				CLANG_WARN_DEPRECATED_OBJC_IMPLEMENTATIONS = YES;
				CLANG_WARN_DIRECT_OBJC_ISA_USAGE = YES_ERROR;
				CLANG_WARN_DOCUMENTATION_COMMENTS = YES;
				CLANG_WARN_EMPTY_BODY = YES;
				CLANG_WARN_ENUM_CONVERSION = YES;
				CLANG_WARN_INFINITE_RECURSION = YES;
				CLANG_WARN_INT_CONVERSION = YES;
				CLANG_WARN_NON_LITERAL_NULL_CONVERSION = YES;
				CLANG_WARN_OBJC_IMPLICIT_RETAIN_SELF = YES;
				CLANG_WARN_OBJC_LITERAL_CONVERSION = YES;
				CLANG_WARN_OBJC_ROOT_CLASS = YES_ERROR;
				CLANG_WARN_QUOTED_INCLUDE_IN_FRAMEWORK_HEADER = YES;
				CLANG_WARN_RANGE_LOOP_ANALYSIS = YES;
				CLANG_WARN_STRICT_PROTOTYPES = YES;
				CLANG_WARN_SUSPICIOUS_MOVE = YES;
				CLANG_WARN_UNGUARDED_AVAILABILITY = YES_AGGRESSIVE;
				CLANG_WARN_UNREACHABLE_CODE = YES;
				CLANG_WARN__DUPLICATE_METHOD_MATCH = YES;
				COPY_PHASE_STRIP = NO;
				DEBUG_INFORMATION_FORMAT = dwarf;
				ENABLE_STRICT_OBJC_MSGSEND = YES;
				ENABLE_TESTABILITY = YES;
				ENABLE_USER_SCRIPT_SANDBOXING = YES;
				GCC_C_LANGUAGE_STANDARD = gnu17;
				GCC_DYNAMIC_NO_PIC = NO;
				GCC_NO_COMMON_BLOCKS = YES;
				GCC_OPTIMIZATION_LEVEL = 0;
				GCC_PREPROCESSOR_DEFINITIONS = (
					"DEBUG=1",
					"$(inherited)",
				);
				GCC_WARN_64_TO_32_BIT_CONVERSION = YES;
				GCC_WARN_ABOUT_RETURN_TYPE = YES_ERROR;
				GCC_WARN_UNDECLARED_SELECTOR = YES;
				GCC_WARN_UNINITIALIZED_AUTOS = YES_AGGRESSIVE;
				GCC_WARN_UNUSED_FUNCTION = YES;
				GCC_WARN_UNUSED_VARIABLE = YES;
				LOCALIZATION_PREFERS_STRING_CATALOGS = YES;
				MTL_ENABLE_DEBUG_INFO = INCLUDE_SOURCE;
				MTL_FAST_MATH = YES;
				ONLY_ACTIVE_ARCH = YES;
				SWIFT_ACTIVE_COMPILATION_CONDITIONS = "DEBUG $(inherited)";
				SWIFT_OPTIMIZATION_LEVEL = "-Onone";
			};
			name = Debug;
		};
		21A4CBB02EE8EBAE0004C8F0 /* Release */ = {
			isa = XCBuildConfiguration;
			buildSettings = {
				ALWAYS_SEARCH_USER_PATHS = NO;
				ASSETCATALOG_COMPILER_GENERATE_SWIFT_ASSET_SYMBOL_EXTENSIONS = YES;
				CLANG_ANALYZER_NONNULL = YES;
				CLANG_ANALYZER_NUMBER_OBJECT_CONVERSION = YES_AGGRESSIVE;
				CLANG_CXX_LANGUAGE_STANDARD = "gnu++20";
				CLANG_ENABLE_MODULES = YES;
				CLANG_ENABLE_OBJC_ARC = YES;
				CLANG_ENABLE_OBJC_WEAK = YES;
				CLANG_WARN_BLOCK_CAPTURE_AUTORELEASING = YES;
				CLANG_WARN_BOOL_CONVERSION = YES;
				CLANG_WARN_COMMA = YES;
				CLANG_WARN_CONSTANT_CONVERSION = YES;
				CLANG_WARN_DEPRECATED_OBJC_IMPLEMENTATIONS = YES;
				CLANG_WARN_DIRECT_OBJC_ISA_USAGE = YES_ERROR;
				CLANG_WARN_DOCUMENTATION_COMMENTS = YES;
				CLANG_WARN_EMPTY_BODY = YES;
				CLANG_WARN_ENUM_CONVERSION = YES;
				CLANG_WARN_INFINITE_RECURSION = YES;
				CLANG_WARN_INT_CONVERSION = YES;
				CLANG_WARN_NON_LITERAL_NULL_CONVERSION = YES;
				CLANG_WARN_OBJC_IMPLICIT_RETAIN_SELF = YES;
				CLANG_WARN_OBJC_LITERAL_CONVERSION = YES;
				CLANG_WARN_OBJC_ROOT_CLASS = YES_ERROR;
				CLANG_WARN_QUOTED_INCLUDE_IN_FRAMEWORK_HEADER = YES;
				CLANG_WARN_RANGE_LOOP_ANALYSIS = YES;
				CLANG_WARN_STRICT_PROTOTYPES = YES;
				CLANG_WARN_SUSPICIOUS_MOVE = YES;
				CLANG_WARN_UNGUARDED_AVAILABILITY = YES_AGGRESSIVE;
				CLANG_WARN_UNREACHABLE_CODE = YES;
				CLANG_WARN__DUPLICATE_METHOD_MATCH = YES;
				COPY_PHASE_STRIP = NO;
				DEBUG_INFORMATION_FORMAT = "dwarf-with-dsym";
				ENABLE_NS_ASSERTIONS = NO;
				ENABLE_STRICT_OBJC_MSGSEND = YES;
				ENABLE_USER_SCRIPT_SANDBOXING = YES;
				GCC_C_LANGUAGE_STANDARD = gnu17;
				GCC_NO_COMMON_BLOCKS = YES;
				GCC_WARN_64_TO_32_BIT_CONVERSION = YES;
				GCC_WARN_ABOUT_RETURN_TYPE = YES_ERROR;
				GCC_WARN_UNDECLARED_SELECTOR = YES;
				GCC_WARN_UNINITIALIZED_AUTOS = YES_AGGRESSIVE;
				GCC_WARN_UNUSED_FUNCTION = YES;
				GCC_WARN_UNUSED_VARIABLE = YES;
				LOCALIZATION_PREFERS_STRING_CATALOGS = YES;
				MTL_ENABLE_DEBUG_INFO = NO;
				MTL_FAST_MATH = YES;
				SWIFT_COMPILATION_MODE = wholemodule;
			};
			name = Release;
		};
		21A4CBB62EE8EBAE0004C8F0 /* Debug */ = {
			isa = XCBuildConfiguration;
			buildSettings = {
				ASSETCATALOG_COMPILER_APPICON_NAME = AppIcon;
				ASSETCATALOG_COMPILER_GLOBAL_ACCENT_COLOR_NAME = AccentColor;
				CODE_SIGN_IDENTITY = "Apple Development";
				CODE_SIGN_STYLE = Automatic;
				CURRENT_PROJECT_VERSION = 1;
				DEVELOPMENT_TEAM = 25J8Y55P5B;
				ENABLE_PREVIEWS = YES;
				GENERATE_INFOPLIST_FILE = YES;
				INFOPLIST_FILE = FootballGPS/Info.plist;
				INFOPLIST_KEY_CFBundleDisplayName = FootballGPS;
				INFOPLIST_KEY_NSHealthShareUsageDescription = "ワークアウトデータを記録するためにHealthKitを使用します";
				INFOPLIST_KEY_NSHealthUpdateUsageDescription = "ワークアウトデータを保存するためにHealthKitを使用します";
				INFOPLIST_KEY_NSLocationWhenInUseUsageDescription = "サッカー練習中のGPSトラッキングに位置情報を使用します";
				INFOPLIST_KEY_UIApplicationSceneManifest_Generation = YES;
				INFOPLIST_KEY_UIApplicationSupportsIndirectInputEvents = YES;
				INFOPLIST_KEY_UILaunchScreen_Generation = YES;
				INFOPLIST_KEY_UISupportedInterfaceOrientations_iPad = UIInterfaceOrientationPortrait;
				INFOPLIST_KEY_UISupportedInterfaceOrientations_iPhone = UIInterfaceOrientationPortrait;
				IPHONEOS_DEPLOYMENT_TARGET = 26.0;
				LD_RUNPATH_SEARCH_PATHS = (
					"$(inherited)",
					"@executable_path/Frameworks",
				);
				MARKETING_VERSION = 1.0;
				PRODUCT_BUNDLE_IDENTIFIER = com.fieldline.footballgps;
				PRODUCT_NAME = "$(TARGET_NAME)";
				PROVISIONING_PROFILE_SPECIFIER = "";
				SDKROOT = iphoneos;
				STRING_CATALOG_GENERATE_SYMBOLS = YES;
				SWIFT_APPROACHABLE_CONCURRENCY = YES;
				SWIFT_DEFAULT_ACTOR_ISOLATION = MainActor;
				SWIFT_EMIT_LOC_STRINGS = YES;
				SWIFT_UPCOMING_FEATURE_MEMBER_IMPORT_VISIBILITY = YES;
				SWIFT_VERSION = 5.0;
				TARGETED_DEVICE_FAMILY = "1,2";
			};
			name = Debug;
		};
		21A4CBB72EE8EBAE0004C8F0 /* Release */ = {
			isa = XCBuildConfiguration;
			buildSettings = {
				ASSETCATALOG_COMPILER_APPICON_NAME = AppIcon;
				ASSETCATALOG_COMPILER_GLOBAL_ACCENT_COLOR_NAME = AccentColor;
				CODE_SIGN_IDENTITY = "Apple Development";
				CODE_SIGN_STYLE = Automatic;
				CURRENT_PROJECT_VERSION = 1;
				DEVELOPMENT_TEAM = 25J8Y55P5B;
				ENABLE_PREVIEWS = YES;
				GENERATE_INFOPLIST_FILE = YES;
				INFOPLIST_FILE = FootballGPS/Info.plist;
				INFOPLIST_KEY_CFBundleDisplayName = FootballGPS;
				INFOPLIST_KEY_NSHealthShareUsageDescription = "ワークアウトデータを記録するためにHealthKitを使用します";
				INFOPLIST_KEY_NSHealthUpdateUsageDescription = "ワークアウトデータを保存するためにHealthKitを使用します";
				INFOPLIST_KEY_NSLocationWhenInUseUsageDescription = "サッカー練習中のGPSトラッキングに位置情報を使用します";
				INFOPLIST_KEY_UIApplicationSceneManifest_Generation = YES;
				INFOPLIST_KEY_UIApplicationSupportsIndirectInputEvents = YES;
				INFOPLIST_KEY_UILaunchScreen_Generation = YES;
				INFOPLIST_KEY_UISupportedInterfaceOrientations_iPad = UIInterfaceOrientationPortrait;
				INFOPLIST_KEY_UISupportedInterfaceOrientations_iPhone = UIInterfaceOrientationPortrait;
				IPHONEOS_DEPLOYMENT_TARGET = 26.0;
				LD_RUNPATH_SEARCH_PATHS = (
					"$(inherited)",
					"@executable_path/Frameworks",
				);
				MARKETING_VERSION = 1.0;
				PRODUCT_BUNDLE_IDENTIFIER = com.fieldline.footballgps;
				PRODUCT_NAME = "$(TARGET_NAME)";
				PROVISIONING_PROFILE_SPECIFIER = "";
				SDKROOT = iphoneos;
				STRING_CATALOG_GENERATE_SYMBOLS = YES;
				SWIFT_APPROACHABLE_CONCURRENCY = YES;
				SWIFT_DEFAULT_ACTOR_ISOLATION = MainActor;
				SWIFT_EMIT_LOC_STRINGS = YES;
				SWIFT_UPCOMING_FEATURE_MEMBER_IMPORT_VISIBILITY = YES;
				SWIFT_VERSION = 5.0;
				TARGETED_DEVICE_FAMILY = "1,2";
				VALIDATE_PRODUCT = YES;
			};
			name = Release;
		};
		21A4CBB92EE8EBAE0004C8F0 /* Debug */ = {
			isa = XCBuildConfiguration;
			buildSettings = {
				BUNDLE_LOADER = "$(TEST_HOST)";
				CODE_SIGN_STYLE = Automatic;
				CURRENT_PROJECT_VERSION = 1;
				GENERATE_INFOPLIST_FILE = YES;
				IPHONEOS_DEPLOYMENT_TARGET = 26.1;
				MARKETING_VERSION = 1.0;
				PRODUCT_BUNDLE_IDENTIFIER = com.KitakaruizawaDesigin.FootballGPSTests;
				PRODUCT_NAME = "$(TARGET_NAME)";
				SDKROOT = iphoneos;
				STRING_CATALOG_GENERATE_SYMBOLS = NO;
				SWIFT_APPROACHABLE_CONCURRENCY = YES;
				SWIFT_EMIT_LOC_STRINGS = NO;
				SWIFT_UPCOMING_FEATURE_MEMBER_IMPORT_VISIBILITY = YES;
				SWIFT_VERSION = 5.0;
				TARGETED_DEVICE_FAMILY = "1,2";
				TEST_HOST = "$(BUILT_PRODUCTS_DIR)/FootballGPS.app/$(BUNDLE_EXECUTABLE_FOLDER_PATH)/FootballGPS";
			};
			name = Debug;
		};
		21A4CBBA2EE8EBAE0004C8F0 /* Release */ = {
			isa = XCBuildConfiguration;
			buildSettings = {
				BUNDLE_LOADER = "$(TEST_HOST)";
				CODE_SIGN_STYLE = Automatic;
				CURRENT_PROJECT_VERSION = 1;
				GENERATE_INFOPLIST_FILE = YES;
				IPHONEOS_DEPLOYMENT_TARGET = 26.1;
				MARKETING_VERSION = 1.0;
				PRODUCT_BUNDLE_IDENTIFIER = com.KitakaruizawaDesigin.FootballGPSTests;
				PRODUCT_NAME = "$(TARGET_NAME)";
				SDKROOT = iphoneos;
				STRING_CATALOG_GENERATE_SYMBOLS = NO;
				SWIFT_APPROACHABLE_CONCURRENCY = YES;
				SWIFT_EMIT_LOC_STRINGS = NO;
				SWIFT_UPCOMING_FEATURE_MEMBER_IMPORT_VISIBILITY = YES;
				SWIFT_VERSION = 5.0;
				TARGETED_DEVICE_FAMILY = "1,2";
				TEST_HOST = "$(BUILT_PRODUCTS_DIR)/FootballGPS.app/$(BUNDLE_EXECUTABLE_FOLDER_PATH)/FootballGPS";
				VALIDATE_PRODUCT = YES;
			};
			name = Release;
		};
		21A4CBBC2EE8EBAE0004C8F0 /* Debug */ = {
			isa = XCBuildConfiguration;
			buildSettings = {
				CODE_SIGN_STYLE = Automatic;
				CURRENT_PROJECT_VERSION = 1;
				GENERATE_INFOPLIST_FILE = YES;
				IPHONEOS_DEPLOYMENT_TARGET = 26.1;
				MARKETING_VERSION = 1.0;
				PRODUCT_BUNDLE_IDENTIFIER = com.KitakaruizawaDesigin.FootballGPSUITests;
				PRODUCT_NAME = "$(TARGET_NAME)";
				SDKROOT = iphoneos;
				STRING_CATALOG_GENERATE_SYMBOLS = NO;
				SWIFT_APPROACHABLE_CONCURRENCY = YES;
				SWIFT_EMIT_LOC_STRINGS = NO;
				SWIFT_UPCOMING_FEATURE_MEMBER_IMPORT_VISIBILITY = YES;
				SWIFT_VERSION = 5.0;
				TARGETED_DEVICE_FAMILY = "1,2";
				TEST_TARGET_NAME = FootballGPS;
			};
			name = Debug;
		};
		21A4CBBD2EE8EBAE0004C8F0 /* Release */ = {
			isa = XCBuildConfiguration;
			buildSettings = {
				CODE_SIGN_STYLE = Automatic;
				CURRENT_PROJECT_VERSION = 1;
				GENERATE_INFOPLIST_FILE = YES;
				IPHONEOS_DEPLOYMENT_TARGET = 26.1;
				MARKETING_VERSION = 1.0;
				PRODUCT_BUNDLE_IDENTIFIER = com.KitakaruizawaDesigin.FootballGPSUITests;
				PRODUCT_NAME = "$(TARGET_NAME)";
				SDKROOT = iphoneos;
				STRING_CATALOG_GENERATE_SYMBOLS = NO;
				SWIFT_APPROACHABLE_CONCURRENCY = YES;
				SWIFT_EMIT_LOC_STRINGS = NO;
				SWIFT_UPCOMING_FEATURE_MEMBER_IMPORT_VISIBILITY = YES;
				SWIFT_VERSION = 5.0;
				TARGETED_DEVICE_FAMILY = "1,2";
				TEST_TARGET_NAME = FootballGPS;
				VALIDATE_PRODUCT = YES;
			};
			name = Release;
		};
/* End XCBuildConfiguration section */

/* Begin XCConfigurationList section */
		215786BD2F10F08500E3541D /* Build configuration list for PBXNativeTarget "FootballGPS Watch App" */ = {
			isa = XCConfigurationList;
			buildConfigurations = (
				215786BE2F10F08500E3541D /* Debug */,
				215786BF2F10F08500E3541D /* Release */,
			);
			defaultConfigurationIsVisible = 0;
			defaultConfigurationName = Release;
		};
		21A4CB662EE8EBAA0004C8F0 /* Build configuration list for PBXProject "FootballGPS" */ = {
			isa = XCConfigurationList;
			buildConfigurations = (
				21A4CBAF2EE8EBAE0004C8F0 /* Debug */,
				21A4CBB02EE8EBAE0004C8F0 /* Release */,
			);
			defaultConfigurationIsVisible = 0;
			defaultConfigurationName = Release;
		};
		21A4CBB52EE8EBAE0004C8F0 /* Build configuration list for PBXNativeTarget "FootballGPS" */ = {
			isa = XCConfigurationList;
			buildConfigurations = (
				21A4CBB62EE8EBAE0004C8F0 /* Debug */,
				21A4CBB72EE8EBAE0004C8F0 /* Release */,
			);
			defaultConfigurationIsVisible = 0;
			defaultConfigurationName = Release;
		};
		21A4CBB82EE8EBAE0004C8F0 /* Build configuration list for PBXNativeTarget "FootballGPSTests" */ = {
			isa = XCConfigurationList;
			buildConfigurations = (
				21A4CBB92EE8EBAE0004C8F0 /* Debug */,
				21A4CBBA2EE8EBAE0004C8F0 /* Release */,
			);
			defaultConfigurationIsVisible = 0;
			defaultConfigurationName = Release;
		};
		21A4CBBB2EE8EBAE0004C8F0 /* Build configuration list for PBXNativeTarget "FootballGPSUITests" */ = {
			isa = XCConfigurationList;
			buildConfigurations = (
				21A4CBBC2EE8EBAE0004C8F0 /* Debug */,
				21A4CBBD2EE8EBAE0004C8F0 /* Release */,
			);
			defaultConfigurationIsVisible = 0;
			defaultConfigurationName = Release;
		};
/* End XCConfigurationList section */

/* Begin XCRemoteSwiftPackageReference section */
		2128EA7F2FEF30DE007DA2B3 /* XCRemoteSwiftPackageReference "supabase-swift" */ = {
			isa = XCRemoteSwiftPackageReference;
			repositoryURL = "https://github.com/supabase/supabase-swift";
			requirement = {
				kind = upToNextMajorVersion;
				minimumVersion = 2.5.1;
			};
		};
		7436C507513A1B825B82A790 /* XCRemoteSwiftPackageReference "swift-package-manager-google-mobile-ads" */ = {
			isa = XCRemoteSwiftPackageReference;
			repositoryURL = "https://github.com/googleads/swift-package-manager-google-mobile-ads.git";
			requirement = {
				kind = upToNextMajorVersion;
				minimumVersion = 11.0.0;
			};
		};
/* End XCRemoteSwiftPackageReference section */

/* Begin XCSwiftPackageProductDependency section */
		2128EA802FEF33F4007DA2B3 /* Supabase */ = {
			isa = XCSwiftPackageProductDependency;
			package = 2128EA7F2FEF30DE007DA2B3 /* XCRemoteSwiftPackageReference "supabase-swift" */;
			productName = Supabase;
		};
		5D32878304E6A7FF2A62A05A /* GoogleMobileAds */ = {
			isa = XCSwiftPackageProductDependency;
			package = 7436C507513A1B825B82A790 /* XCRemoteSwiftPackageReference "swift-package-manager-google-mobile-ads" */;
			productName = GoogleMobileAds;
		};
/* End XCSwiftPackageProductDependency section */
	};
	rootObject = 21A4CB632EE8EBAA0004C8F0 /* Project object */;
}
