// !$*UTF8*$!
{
	archiveVersion = 1;
	classes = {
	};
	objectVersion = 77;
	objects = {

/* Begin PBXBuildFile section */
		21A4CB8F2EE8EBAD0004C8F0 /* FootballGPS Watch App.app in Embed Watch Content */ = {isa = PBXBuildFile; fileRef = 21A4CB8E2EE8EBAD0004C8F0 /* FootballGPS Watch App.app */; settings = {ATTRIBUTES = (RemoveHeadersOnCopy, ); }; };
/* End PBXBuildFile section */

/* Begin PBXContainerItemProxy section */
		21A4CB792EE8EBAD0004C8F0 /* PBXContainerItemProxy */ = {
			isa = PBXContainerItemProxy;
			containerPortal = 21A4CB632EE8EBAA0004C8F0 /* Project object */;
			proxyType = 1;
			remoteGlobalIDString = 21A4CB6A2EE8EBAA0004C8F0;
			remoteInfo = FootballGPS;
		};
		21A4CB832EE8EBAD0004C8F0 /* PBXContainerItemProxy */ = {
			isa = PBXContainerItemProxy;
			containerPortal = 21A4CB632EE8EBAA0004C8F0 /* Project object */;
			proxyType = 1;
			remoteGlobalIDString = 21A4CB6A2EE8EBAA0004C8F0;
			remoteInfo = FootballGPS;
		};
		21A4CB902EE8EBAD0004C8F0 /* PBXContainerItemProxy */ = {
			isa = PBXContainerItemProxy;
			containerPortal = 21A4CB632EE8EBAA0004C8F0 /* Project object */;
			proxyType = 1;
			remoteGlobalIDString = 21A4CB8D2EE8EBAD0004C8F0;
			remoteInfo = "FootballGPS Watch App";
		};
		21A4CB9E2EE8EBAE0004C8F0 /* PBXContainerItemProxy */ = {
			isa = PBXContainerItemProxy;
			containerPortal = 21A4CB632EE8EBAA0004C8F0 /* Project object */;
			proxyType = 1;
			remoteGlobalIDString = 21A4CB8D2EE8EBAD0004C8F0;
			remoteInfo = "FootballGPS Watch App";
		};
		21A4CBA82EE8EBAE0004C8F0 /* PBXContainerItemProxy */ = {
			isa = PBXContainerItemProxy;
			containerPortal = 21A4CB632EE8EBAA0004C8F0 /* Project object */;
			proxyType = 1;
			remoteGlobalIDString = 21A4CB8D2EE8EBAD0004C8F0;
			remoteInfo = "FootballGPS Watch App";
		};
/* End PBXContainerItemProxy section */

/* Begin PBXCopyFilesBuildPhase section */
		21A4CBB42EE8EBAE0004C8F0 /* Embed Watch Content */ = {
			isa = PBXCopyFilesBuildPhase;
			buildActionMask = 2147483647;
			dstPath = "$(CONTENTS_FOLDER_PATH)/Watch";
			dstSubfolderSpec = 16;
			files = (
				21A4CB8F2EE8EBAD0004C8F0 /* FootballGPS Watch App.app in Embed Watch Content */,
			);
			name = "Embed Watch Content";
			runOnlyForDeploymentPostprocessing = 0;
		};
/* End PBXCopyFilesBuildPhase section */

/* Begin PBXFileReference section */
		21A4CB6B2EE8EBAA0004C8F0 /* FootballGPS.app */ = {isa = PBXFileReference; explicitFileType = wrapper.application; includeInIndex = 0; path = FootballGPS.app; sourceTree = BUILT_PRODUCTS_DIR; };
		21A4CB782EE8EBAD0004C8F0 /* FootballGPSTests.xctest */ = {isa = PBXFileReference; explicitFileType = wrapper.cfbundle; includeInIndex = 0; path = FootballGPSTests.xctest; sourceTree = BUILT_PRODUCTS_DIR; };
		21A4CB822EE8EBAD0004C8F0 /* FootballGPSUITests.xctest */ = {isa = PBXFileReference; explicitFileType = wrapper.cfbundle; includeInIndex = 0; path = FootballGPSUITests.xctest; sourceTree = BUILT_PRODUCTS_DIR; };
		21A4CB8E2EE8EBAD0004C8F0 /* FootballGPS Watch App.app */ = {isa = PBXFileReference; explicitFileType = wrapper.application; includeInIndex = 0; path = "FootballGPS Watch App.app"; sourceTree = BUILT_PRODUCTS_DIR; };
		21A4CB9D2EE8EBAE0004C8F0 /* FootballGPS Watch AppTests.xctest */ = {isa = PBXFileReference; explicitFileType = wrapper.cfbundle; includeInIndex = 0; path = "FootballGPS Watch AppTests.xctest"; sourceTree = BUILT_PRODUCTS_DIR; };
		21A4CBA72EE8EBAE0004C8F0 /* FootballGPS Watch AppUITests.xctest */ = {isa = PBXFileReference; explicitFileType = wrapper.cfbundle; includeInIndex = 0; path = "FootballGPS Watch AppUITests.xctest"; sourceTree = BUILT_PRODUCTS_DIR; };
/* End PBXFileReference section */

/* Begin PBXFileSystemSynchronizedRootGroup section */
		21A4CB6D2EE8EBAA0004C8F0 /* FootballGPS */ = {
			isa = PBXFileSystemSynchronizedRootGroup;
			path = FootballGPS;
			sourceTree = "<group>";
		};
		21A4CB7B2EE8EBAD0004C8F0 /* FootballGPSTests */ = {
			isa = PBXFileSystemSynchronizedRootGroup;
			path = FootballGPSTests;
			sourceTree = "<group>";
		};
		21A4CB852EE8EBAD0004C8F0 /* FootballGPSUITests */ = {
			isa = PBXFileSystemSynchronizedRootGroup;
			path = FootballGPSUITests;
			sourceTree = "<group>";
		};
		21A4CB922EE8EBAD0004C8F0 /* FootballGPS Watch App */ = {
			isa = PBXFileSystemSynchronizedRootGroup;
			path = "FootballGPS Watch App";
			sourceTree = "<group>";
		};
		21A4CBA02EE8EBAE0004C8F0 /* FootballGPS Watch AppTests */ = {
			isa = PBXFileSystemSynchronizedRootGroup;
			path = "FootballGPS Watch AppTests";
			sourceTree = "<group>";
		};
		21A4CBAA2EE8EBAE0004C8F0 /* FootballGPS Watch AppUITests */ = {
			isa = PBXFileSystemSynchronizedRootGroup;
			path = "FootballGPS Watch AppUITests";
			sourceTree = "<group>";
		};
/* End PBXFileSystemSynchronizedRootGroup section */

/* Begin PBXFrameworksBuildPhase section */
		21A4CB682EE8EBAA0004C8F0 /* Frameworks */ = {
			isa = PBXFrameworksBuildPhase;
			buildActionMask = 2147483647;
			files = (
			);
			runOnlyForDeploymentPostprocessing = 0;
		};
		21A4CB752EE8EBAD0004C8F0 /* Frameworks */ = {
			isa = PBXFrameworksBuildPhase;
			buildActionMask = 2147483647;
			files = (
			);
			runOnlyForDeploymentPostprocessing = 0;
		};
		21A4CB7F2EE8EBAD0004C8F0 /* Frameworks */ = {
			isa = PBXFrameworksBuildPhase;
			buildActionMask = 2147483647;
			files = (
			);
			runOnlyForDeploymentPostprocessing = 0;
		};
		21A4CB8B2EE8EBAD0004C8F0 /* Frameworks */ = {
			isa = PBXFrameworksBuildPhase;
			buildActionMask = 2147483647;
			files = (
			);
			runOnlyForDeploymentPostprocessing = 0;
		};
		21A4CB9A2EE8EBAE0004C8F0 /* Frameworks */ = {
			isa = PBXFrameworksBuildPhase;
			buildActionMask = 2147483647;
			files = (
			);
			runOnlyForDeploymentPostprocessing = 0;
		};
		21A4CBA42EE8EBAE0004C8F0 /* Frameworks */ = {
			isa = PBXFrameworksBuildPhase;
			buildActionMask = 2147483647;
			files = (
			);
			runOnlyForDeploymentPostprocessing = 0;
		};
/* End PBXFrameworksBuildPhase section */

/* Begin PBXGroup section */
		21A4CB622EE8EBAA0004C8F0 = {
			isa = PBXGroup;
			children = (
				21A4CB6D2EE8EBAA0004C8F0 /* FootballGPS */,
				21A4CB7B2EE8EBAD0004C8F0 /* FootballGPSTests */,
				21A4CB852EE8EBAD0004C8F0 /* FootballGPSUITests */,
				21A4CB922EE8EBAD0004C8F0 /* FootballGPS Watch App */,
				21A4CBA02EE8EBAE0004C8F0 /* FootballGPS Watch AppTests */,
				21A4CBAA2EE8EBAE0004C8F0 /* FootballGPS Watch AppUITests */,
				21A4CB6C2EE8EBAA0004C8F0 /* Products */,
			);
			sourceTree = "<group>";
		};
		21A4CB6C2EE8EBAA0004C8F0 /* Products */ = {
			isa = PBXGroup;
			children = (
				21A4CB6B2EE8EBAA0004C8F0 /* FootballGPS.app */,
				21A4CB782EE8EBAD0004C8F0 /* FootballGPSTests.xctest */,
				21A4CB822EE8EBAD0004C8F0 /* FootballGPSUITests.xctest */,
				21A4CB8E2EE8EBAD0004C8F0 /* FootballGPS Watch App.app */,
				21A4CB9D2EE8EBAE0004C8F0 /* FootballGPS Watch AppTests.xctest */,
				21A4CBA72EE8EBAE0004C8F0 /* FootballGPS Watch AppUITests.xctest */,
			);
			name = Products;
			sourceTree = "<group>";
		};
/* End PBXGroup section */

/* Begin PBXNativeTarget section */
		21A4CB6A2EE8EBAA0004C8F0 /* FootballGPS */ = {
			isa = PBXNativeTarget;
			buildConfigurationList = 21A4CBB52EE8EBAE0004C8F0 /* Build configuration list for PBXNativeTarget "FootballGPS" */;
			buildPhases = (
				21A4CB672EE8EBAA0004C8F0 /* Sources */,
				21A4CB682EE8EBAA0004C8F0 /* Frameworks */,
				21A4CB692EE8EBAA0004C8F0 /* Resources */,
				21A4CBB42EE8EBAE0004C8F0 /* Embed Watch Content */,
			);
			buildRules = (
			);
			dependencies = (
				21A4CB912EE8EBAD0004C8F0 /* PBXTargetDependency */,
			);
			fileSystemSynchronizedGroups = (
				21A4CB6D2EE8EBAA0004C8F0 /* FootballGPS */,
			);
			name = FootballGPS;
			packageProductDependencies = (
			);
			productName = FootballGPS;
			productReference = 21A4CB6B2EE8EBAA0004C8F0 /* FootballGPS.app */;
			productType = "com.apple.product-type.application";
		};
		21A4CB772EE8EBAD0004C8F0 /* FootballGPSTests */ = {
			isa = PBXNativeTarget;
			buildConfigurationList = 21A4CBB82EE8EBAE0004C8F0 /* Build configuration list for PBXNativeTarget "FootballGPSTests" */;
			buildPhases = (
				21A4CB742EE8EBAD0004C8F0 /* Sources */,
				21A4CB752EE8EBAD0004C8F0 /* Frameworks */,
				21A4CB762EE8EBAD0004C8F0 /* Resources */,
			);
			buildRules = (
			);
			dependencies = (
				21A4CB7A2EE8EBAD0004C8F0 /* PBXTargetDependency */,
			);
			fileSystemSynchronizedGroups = (
				21A4CB7B2EE8EBAD0004C8F0 /* FootballGPSTests */,
			);
			name = FootballGPSTests;
			packageProductDependencies = (
			);
			productName = FootballGPSTests;
			productReference = 21A4CB782EE8EBAD0004C8F0 /* FootballGPSTests.xctest */;
			productType = "com.apple.product-type.bundle.unit-test";
		};
		21A4CB812EE8EBAD0004C8F0 /* FootballGPSUITests */ = {
			isa = PBXNativeTarget;
			buildConfigurationList = 21A4CBBB2EE8EBAE0004C8F0 /* Build configuration list for PBXNativeTarget "FootballGPSUITests" */;
			buildPhases = (
				21A4CB7E2EE8EBAD0004C8F0 /* Sources */,
				21A4CB7F2EE8EBAD0004C8F0 /* Frameworks */,
				21A4CB802EE8EBAD0004C8F0 /* Resources */,
			);
			buildRules = (
			);
			dependencies = (
				21A4CB842EE8EBAD0004C8F0 /* PBXTargetDependency */,
			);
			fileSystemSynchronizedGroups = (
				21A4CB852EE8EBAD0004C8F0 /* FootballGPSUITests */,
			);
			name = FootballGPSUITests;
			packageProductDependencies = (
			);
			productName = FootballGPSUITests;
			productReference = 21A4CB822EE8EBAD0004C8F0 /* FootballGPSUITests.xctest */;
			productType = "com.apple.product-type.bundle.ui-testing";
		};
		21A4CB8D2EE8EBAD0004C8F0 /* FootballGPS Watch App */ = {
			isa = PBXNativeTarget;
			buildConfigurationList = 21A4CBB12EE8EBAE0004C8F0 /* Build configuration list for PBXNativeTarget "FootballGPS Watch App" */;
			buildPhases = (
				21A4CB8A2EE8EBAD0004C8F0 /* Sources */,
				21A4CB8B2EE8EBAD0004C8F0 /* Frameworks */,
				21A4CB8C2EE8EBAD0004C8F0 /* Resources */,
			);
			buildRules = (
			);
			dependencies = (
			);
			fileSystemSynchronizedGroups = (
				21A4CB922EE8EBAD0004C8F0 /* FootballGPS Watch App */,
			);
			name = "FootballGPS Watch App";
			packageProductDependencies = (
			);
			productName = "FootballGPS Watch App";
			productReference = 21A4CB8E2EE8EBAD0004C8F0 /* FootballGPS Watch App.app */;
			productType = "com.apple.product-type.application";
		};
		21A4CB9C2EE8EBAE0004C8F0 /* FootballGPS Watch AppTests */ = {
			isa = PBXNativeTarget;
			buildConfigurationList = 21A4CBBE2EE8EBAE0004C8F0 /* Build configuration list for PBXNativeTarget "FootballGPS Watch AppTests" */;
			buildPhases = (
				21A4CB992EE8EBAE0004C8F0 /* Sources */,
				21A4CB9A2EE8EBAE0004C8F0 /* Frameworks */,
				21A4CB9B2EE8EBAE0004C8F0 /* Resources */,
			);
			buildRules = (
			);
			dependencies = (
				21A4CB9F2EE8EBAE0004C8F0 /* PBXTargetDependency */,
			);
			fileSystemSynchronizedGroups = (
				21A4CBA02EE8EBAE0004C8F0 /* FootballGPS Watch AppTests */,
			);
			name = "FootballGPS Watch AppTests";
			packageProductDependencies = (
			);
			productName = "FootballGPS Watch AppTests";
			productReference = 21A4CB9D2EE8EBAE0004C8F0 /* FootballGPS Watch AppTests.xctest */;
			productType = "com.apple.product-type.bundle.unit-test";
		};
		21A4CBA62EE8EBAE0004C8F0 /* FootballGPS Watch AppUITests */ = {
			isa = PBXNativeTarget;
			buildConfigurationList = 21A4CBC12EE8EBAE0004C8F0 /* Build configuration list for PBXNativeTarget "FootballGPS Watch AppUITests" */;
			buildPhases = (
				21A4CBA32EE8EBAE0004C8F0 /* Sources */,
				21A4CBA42EE8EBAE0004C8F0 /* Frameworks */,
				21A4CBA52EE8EBAE0004C8F0 /* Resources */,
			);
			buildRules = (
			);
			dependencies = (
				21A4CBA92EE8EBAE0004C8F0 /* PBXTargetDependency */,
			);
			fileSystemSynchronizedGroups = (
				21A4CBAA2EE8EBAE0004C8F0 /* FootballGPS Watch AppUITests */,
			);
			name = "FootballGPS Watch AppUITests";
			packageProductDependencies = (
			);
			productName = "FootballGPS Watch AppUITests";
			productReference = 21A4CBA72EE8EBAE0004C8F0 /* FootballGPS Watch AppUITests.xctest */;
			productType = "com.apple.product-type.bundle.ui-testing";
		};
/* End PBXNativeTarget section */

/* Begin PBXProject section */
		21A4CB632EE8EBAA0004C8F0 /* Project object */ = {
			isa = PBXProject;
			attributes = {
				BuildIndependentTargetsInParallel = 1;
				LastSwiftUpdateCheck = 2610;
				LastUpgradeCheck = 2610;
				TargetAttributes = {
					21A4CB6A2EE8EBAA0004C8F0 = {
						CreatedOnToolsVersion = 26.1.1;
					};
					21A4CB772EE8EBAD0004C8F0 = {
						CreatedOnToolsVersion = 26.1.1;
						TestTargetID = 21A4CB6A2EE8EBAA0004C8F0;
					};
					21A4CB812EE8EBAD0004C8F0 = {
						CreatedOnToolsVersion = 26.1.1;
						TestTargetID = 21A4CB6A2EE8EBAA0004C8F0;
					};
					21A4CB8D2EE8EBAD0004C8F0 = {
						CreatedOnToolsVersion = 26.1.1;
					};
					21A4CB9C2EE8EBAE0004C8F0 = {
						CreatedOnToolsVersion = 26.1.1;
						TestTargetID = 21A4CB8D2EE8EBAD0004C8F0;
					};
					21A4CBA62EE8EBAE0004C8F0 = {
						CreatedOnToolsVersion = 26.1.1;
						TestTargetID = 21A4CB8D2EE8EBAD0004C8F0;
					};
				};
			};
			buildConfigurationList = 21A4CB662EE8EBAA0004C8F0 /* Build configuration list for PBXProject "FootballGPS" */;
			developmentRegion = en;
			hasScannedForEncodings = 0;
			knownRegions = (
				en,
				Base,
			);
			mainGroup = 21A4CB622EE8EBAA0004C8F0;
			minimizedProjectReferenceProxies = 1;
			preferredProjectObjectVersion = 77;
			productRefGroup = 21A4CB6C2EE8EBAA0004C8F0 /* Products */;
			projectDirPath = "";
			projectRoot = "";
			targets = (
				21A4CB6A2EE8EBAA0004C8F0 /* FootballGPS */,
				21A4CB772EE8EBAD0004C8F0 /* FootballGPSTests */,
				21A4CB812EE8EBAD0004C8F0 /* FootballGPSUITests */,
				21A4CB8D2EE8EBAD0004C8F0 /* FootballGPS Watch App */,
				21A4CB9C2EE8EBAE0004C8F0 /* FootballGPS Watch AppTests */,
				21A4CBA62EE8EBAE0004C8F0 /* FootballGPS Watch AppUITests */,
			);
		};
/* End PBXProject section */

/* Begin PBXResourcesBuildPhase section */
		21A4CB692EE8EBAA0004C8F0 /* Resources */ = {
			isa = PBXResourcesBuildPhase;
			buildActionMask = 2147483647;
			files = (
			);
			runOnlyForDeploymentPostprocessing = 0;
		};
		21A4CB762EE8EBAD0004C8F0 /* Resources */ = {
			isa = PBXResourcesBuildPhase;
			buildActionMask = 2147483647;
			files = (
			);
			runOnlyForDeploymentPostprocessing = 0;
		};
		21A4CB802EE8EBAD0004C8F0 /* Resources */ = {
			isa = PBXResourcesBuildPhase;
			buildActionMask = 2147483647;
			files = (
			);
			runOnlyForDeploymentPostprocessing = 0;
		};
		21A4CB8C2EE8EBAD0004C8F0 /* Resources */ = {
			isa = PBXResourcesBuildPhase;
			buildActionMask = 2147483647;
			files = (
			);
			runOnlyForDeploymentPostprocessing = 0;
		};
		21A4CB9B2EE8EBAE0004C8F0 /* Resources */ = {
			isa = PBXResourcesBuildPhase;
			buildActionMask = 2147483647;
			files = (
			);
			runOnlyForDeploymentPostprocessing = 0;
		};
		21A4CBA52EE8EBAE0004C8F0 /* Resources */ = {
			isa = PBXResourcesBuildPhase;
			buildActionMask = 2147483647;
			files = (
			);
			runOnlyForDeploymentPostprocessing = 0;
		};
/* End PBXResourcesBuildPhase section */

/* Begin PBXSourcesBuildPhase section */
		21A4CB672EE8EBAA0004C8F0 /* Sources */ = {
			isa = PBXSourcesBuildPhase;
			buildActionMask = 2147483647;
			files = (
			);
			runOnlyForDeploymentPostprocessing = 0;
		};
		21A4CB742EE8EBAD0004C8F0 /* Sources */ = {
			isa = PBXSourcesBuildPhase;
			buildActionMask = 2147483647;
			files = (
			);
			runOnlyForDeploymentPostprocessing = 0;
		};
		21A4CB7E2EE8EBAD0004C8F0 /* Sources */ = {
			isa = PBXSourcesBuildPhase;
			buildActionMask = 2147483647;
			files = (
			);
			runOnlyForDeploymentPostprocessing = 0;
		};
		21A4CB8A2EE8EBAD0004C8F0 /* Sources */ = {
			isa = PBXSourcesBuildPhase;
			buildActionMask = 2147483647;
			files = (
			);
			runOnlyForDeploymentPostprocessing = 0;
		};
		21A4CB992EE8EBAE0004C8F0 /* Sources */ = {
			isa = PBXSourcesBuildPhase;
			buildActionMask = 2147483647;
			files = (
			);
			runOnlyForDeploymentPostprocessing = 0;
		};
		21A4CBA32EE8EBAE0004C8F0 /* Sources */ = {
			isa = PBXSourcesBuildPhase;
			buildActionMask = 2147483647;
			files = (
			);
			runOnlyForDeploymentPostprocessing = 0;
		};
/* End PBXSourcesBuildPhase section */

/* Begin PBXTargetDependency section */
		21A4CB7A2EE8EBAD0004C8F0 /* PBXTargetDependency */ = {
			isa = PBXTargetDependency;
			target = 21A4CB6A2EE8EBAA0004C8F0 /* FootballGPS */;
			targetProxy = 21A4CB792EE8EBAD0004C8F0 /* PBXContainerItemProxy */;
		};
		21A4CB842EE8EBAD0004C8F0 /* PBXTargetDependency */ = {
			isa = PBXTargetDependency;
			target = 21A4CB6A2EE8EBAA0004C8F0 /* FootballGPS */;
			targetProxy = 21A4CB832EE8EBAD0004C8F0 /* PBXContainerItemProxy */;
		};
		21A4CB912EE8EBAD0004C8F0 /* PBXTargetDependency */ = {
			isa = PBXTargetDependency;
			target = 21A4CB8D2EE8EBAD0004C8F0 /* FootballGPS Watch App */;
			targetProxy = 21A4CB902EE8EBAD0004C8F0 /* PBXContainerItemProxy */;
		};
		21A4CB9F2EE8EBAE0004C8F0 /* PBXTargetDependency */ = {
			isa = PBXTargetDependency;
			target = 21A4CB8D2EE8EBAD0004C8F0 /* FootballGPS Watch App */;
			targetProxy = 21A4CB9E2EE8EBAE0004C8F0 /* PBXContainerItemProxy */;
		};
		21A4CBA92EE8EBAE0004C8F0 /* PBXTargetDependency */ = {
			isa = PBXTargetDependency;
			target = 21A4CB8D2EE8EBAD0004C8F0 /* FootballGPS Watch App */;
			targetProxy = 21A4CBA82EE8EBAE0004C8F0 /* PBXContainerItemProxy */;
		};
/* End PBXTargetDependency section */

/* Begin XCBuildConfiguration section */
		21A4CBAF2EE8EBAE0004C8F0 /* Debug */ = {
			isa = XCBuildConfiguration;
			buildSettings = {
				ALWAYS_SEARCH_USER_PATHS = NO;
				ASSETCATALOG_COMPILER_GENERATE_SWIFT_ASSET_SYMBOL_EXTENSIONS = YES;
				CLANG_ANALYZER_NONNULL = YES;
				CLANG_ANALYZER_NUMBER_OBJECT_CONVERSION = YES_AGGRESSIVE;
				CLANG_CXX_LANGUAGE_STANDARD = "gnu++20";
				CLANG_ENABLE_MODULES = YES;
				CLANG_ENABLE_OBJC_ARC = YES;
				CLANG_ENABLE_OBJC_WEAK = YES;
				CLANG_WARN_BLOCK_CAPTURE_AUTORELEASING = YES;
				CLANG_WARN_BOOL_CONVERSION = YES;
				CLANG_WARN_COMMA = YES;
				CLANG_WARN_CONSTANT_CONVERSION = YES;
				CLANG_WARN_DEPRECATED_OBJC_IMPLEMENTATIONS = YES;
				CLANG_WARN_DIRECT_OBJC_ISA_USAGE = YES_ERROR;
				CLANG_WARN_DOCUMENTATION_COMMENTS = YES;
				CLANG_WARN_EMPTY_BODY = YES;
				CLANG_WARN_ENUM_CONVERSION = YES;
				CLANG_WARN_INFINITE_RECURSION = YES;
				CLANG_WARN_INT_CONVERSION = YES;
				CLANG_WARN_NON_LITERAL_NULL_CONVERSION = YES;
				CLANG_WARN_OBJC_IMPLICIT_RETAIN_SELF = YES;
				CLANG_WARN_OBJC_LITERAL_CONVERSION = YES;
				CLANG_WARN_OBJC_ROOT_CLASS = YES_ERROR;
				CLANG_WARN_QUOTED_INCLUDE_IN_FRAMEWORK_HEADER = YES;
				CLANG_WARN_RANGE_LOOP_ANALYSIS = YES;
				CLANG_WARN_STRICT_PROTOTYPES = YES;
				CLANG_WARN_SUSPICIOUS_MOVE = YES;
				CLANG_WARN_UNGUARDED_AVAILABILITY = YES_AGGRESSIVE;
				CLANG_WARN_UNREACHABLE_CODE = YES;
				CLANG_WARN__DUPLICATE_METHOD_MATCH = YES;
				COPY_PHASE_STRIP = NO;
				DEBUG_INFORMATION_FORMAT = dwarf;
				ENABLE_STRICT_OBJC_MSGSEND = YES;
				ENABLE_TESTABILITY = YES;
				ENABLE_USER_SCRIPT_SANDBOXING = YES;
				GCC_C_LANGUAGE_STANDARD = gnu17;
				GCC_DYNAMIC_NO_PIC = NO;
				GCC_NO_COMMON_BLOCKS = YES;
				GCC_OPTIMIZATION_LEVEL = 0;
				GCC_PREPROCESSOR_DEFINITIONS = (
					"DEBUG=1",
					"$(inherited)",
				);
				GCC_WARN_64_TO_32_BIT_CONVERSION = YES;
				GCC_WARN_ABOUT_RETURN_TYPE = YES_ERROR;
				GCC_WARN_UNDECLARED_SELECTOR = YES;
				GCC_WARN_UNINITIALIZED_AUTOS = YES_AGGRESSIVE;
				GCC_WARN_UNUSED_FUNCTION = YES;
				GCC_WARN_UNUSED_VARIABLE = YES;
				LOCALIZATION_PREFERS_STRING_CATALOGS = YES;
				MTL_ENABLE_DEBUG_INFO = INCLUDE_SOURCE;
				MTL_FAST_MATH = YES;
				ONLY_ACTIVE_ARCH = YES;
				SWIFT_ACTIVE_COMPILATION_CONDITIONS = "DEBUG $(inherited)";
				SWIFT_OPTIMIZATION_LEVEL = "-Onone";
			};
			name = Debug;
		};
		21A4CBB02EE8EBAE0004C8F0 /* Release */ = {
			isa = XCBuildConfiguration;
			buildSettings = {
				ALWAYS_SEARCH_USER_PATHS = NO;
				ASSETCATALOG_COMPILER_GENERATE_SWIFT_ASSET_SYMBOL_EXTENSIONS = YES;
				CLANG_ANALYZER_NONNULL = YES;
				CLANG_ANALYZER_NUMBER_OBJECT_CONVERSION = YES_AGGRESSIVE;
				CLANG_CXX_LANGUAGE_STANDARD = "gnu++20";
				CLANG_ENABLE_MODULES = YES;
				CLANG_ENABLE_OBJC_ARC = YES;
				CLANG_ENABLE_OBJC_WEAK = YES;
				CLANG_WARN_BLOCK_CAPTURE_AUTORELEASING = YES;
				CLANG_WARN_BOOL_CONVERSION = YES;
				CLANG_WARN_COMMA = YES;
				CLANG_WARN_CONSTANT_CONVERSION = YES;
				CLANG_WARN_DEPRECATED_OBJC_IMPLEMENTATIONS = YES;
				CLANG_WARN_DIRECT_OBJC_ISA_USAGE = YES_ERROR;
				CLANG_WARN_DOCUMENTATION_COMMENTS = YES;
				CLANG_WARN_EMPTY_BODY = YES;
				CLANG_WARN_ENUM_CONVERSION = YES;
				CLANG_WARN_INFINITE_RECURSION = YES;
				CLANG_WARN_INT_CONVERSION = YES;
				CLANG_WARN_NON_LITERAL_NULL_CONVERSION = YES;
				CLANG_WARN_OBJC_IMPLICIT_RETAIN_SELF = YES;
				CLANG_WARN_OBJC_LITERAL_CONVERSION = YES;
				CLANG_WARN_OBJC_ROOT_CLASS = YES_ERROR;
				CLANG_WARN_QUOTED_INCLUDE_IN_FRAMEWORK_HEADER = YES;
				CLANG_WARN_RANGE_LOOP_ANALYSIS = YES;
				CLANG_WARN_STRICT_PROTOTYPES = YES;
				CLANG_WARN_SUSPICIOUS_MOVE = YES;
				CLANG_WARN_UNGUARDED_AVAILABILITY = YES_AGGRESSIVE;
				CLANG_WARN_UNREACHABLE_CODE = YES;
				CLANG_WARN__DUPLICATE_METHOD_MATCH = YES;
				COPY_PHASE_STRIP = NO;
				DEBUG_INFORMATION_FORMAT = "dwarf-with-dsym";
				ENABLE_NS_ASSERTIONS = NO;
				ENABLE_STRICT_OBJC_MSGSEND = YES;
				ENABLE_USER_SCRIPT_SANDBOXING = YES;
				GCC_C_LANGUAGE_STANDARD = gnu17;
				GCC_NO_COMMON_BLOCKS = YES;
				GCC_WARN_64_TO_32_BIT_CONVERSION = YES;
				GCC_WARN_ABOUT_RETURN_TYPE = YES_ERROR;
				GCC_WARN_UNDECLARED_SELECTOR = YES;
				GCC_WARN_UNINITIALIZED_AUTOS = YES_AGGRESSIVE;
				GCC_WARN_UNUSED_FUNCTION = YES;
				GCC_WARN_UNUSED_VARIABLE = YES;
				LOCALIZATION_PREFERS_STRING_CATALOGS = YES;
				MTL_ENABLE_DEBUG_INFO = NO;
				MTL_FAST_MATH = YES;
				SWIFT_COMPILATION_MODE = wholemodule;
			};
			name = Release;
		};
		21A4CBB22EE8EBAE0004C8F0 /* Debug */ = {
			isa = XCBuildConfiguration;
			buildSettings = {
				ASSETCATALOG_COMPILER_APPICON_NAME = AppIcon;
				ASSETCATALOG_COMPILER_GLOBAL_ACCENT_COLOR_NAME = AccentColor;
				CODE_SIGN_STYLE = Automatic;
				CURRENT_PROJECT_VERSION = 1;
				ENABLE_PREVIEWS = YES;
				GENERATE_INFOPLIST_FILE = YES;
				INFOPLIST_KEY_CFBundleDisplayName = FootballGPS;
				INFOPLIST_KEY_UISupportedInterfaceOrientations = "UIInterfaceOrientationPortrait UIInterfaceOrientationPortraitUpsideDown";
				INFOPLIST_KEY_WKCompanionAppBundleIdentifier = com.KitakaruizawaDesigin.FootballGPS;
				LD_RUNPATH_SEARCH_PATHS = (
					"$(inherited)",
					"@executable_path/Frameworks",
				);
				MARKETING_VERSION = 1.0;
				PRODUCT_BUNDLE_IDENTIFIER = com.KitakaruizawaDesigin.FootballGPS.watchkitapp;
				PRODUCT_NAME = "$(TARGET_NAME)";
				SDKROOT = watchos;
				SKIP_INSTALL = YES;
				STRING_CATALOG_GENERATE_SYMBOLS = YES;
				SWIFT_APPROACHABLE_CONCURRENCY = YES;
				SWIFT_DEFAULT_ACTOR_ISOLATION = MainActor;
				SWIFT_EMIT_LOC_STRINGS = YES;
				SWIFT_UPCOMING_FEATURE_MEMBER_IMPORT_VISIBILITY = YES;
				SWIFT_VERSION = 5.0;
				TARGETED_DEVICE_FAMILY = 4;
				WATCHOS_DEPLOYMENT_TARGET = 26.1;
			};
			name = Debug;
		};
		21A4CBB32EE8EBAE0004C8F0 /* Release */ = {
			isa = XCBuildConfiguration;
			buildSettings = {
				ASSETCATALOG_COMPILER_APPICON_NAME = AppIcon;
				ASSETCATALOG_COMPILER_GLOBAL_ACCENT_COLOR_NAME = AccentColor;
				CODE_SIGN_STYLE = Automatic;
				CURRENT_PROJECT_VERSION = 1;
				ENABLE_PREVIEWS = YES;
				GENERATE_INFOPLIST_FILE = YES;
				INFOPLIST_KEY_CFBundleDisplayName = FootballGPS;
				INFOPLIST_KEY_UISupportedInterfaceOrientations = "UIInterfaceOrientationPortrait UIInterfaceOrientationPortraitUpsideDown";
				INFOPLIST_KEY_WKCompanionAppBundleIdentifier = com.KitakaruizawaDesigin.FootballGPS;
				LD_RUNPATH_SEARCH_PATHS = (
					"$(inherited)",
					"@executable_path/Frameworks",
				);
				MARKETING_VERSION = 1.0;
				PRODUCT_BUNDLE_IDENTIFIER = com.KitakaruizawaDesigin.FootballGPS.watchkitapp;
				PRODUCT_NAME = "$(TARGET_NAME)";
				SDKROOT = watchos;
				SKIP_INSTALL = YES;
				STRING_CATALOG_GENERATE_SYMBOLS = YES;
				SWIFT_APPROACHABLE_CONCURRENCY = YES;
				SWIFT_DEFAULT_ACTOR_ISOLATION = MainActor;
				SWIFT_EMIT_LOC_STRINGS = YES;
				SWIFT_UPCOMING_FEATURE_MEMBER_IMPORT_VISIBILITY = YES;
				SWIFT_VERSION = 5.0;
				TARGETED_DEVICE_FAMILY = 4;
				VALIDATE_PRODUCT = YES;
				WATCHOS_DEPLOYMENT_TARGET = 26.1;
			};
			name = Release;
		};
		21A4CBB62EE8EBAE0004C8F0 /* Debug */ = {
			isa = XCBuildConfiguration;
			buildSettings = {
				ASSETCATALOG_COMPILER_APPICON_NAME = AppIcon;
				ASSETCATALOG_COMPILER_GLOBAL_ACCENT_COLOR_NAME = AccentColor;
				CODE_SIGN_STYLE = Automatic;
				CURRENT_PROJECT_VERSION = 1;
				ENABLE_PREVIEWS = YES;
				GENERATE_INFOPLIST_FILE = YES;
				INFOPLIST_KEY_CFBundleDisplayName = FootballGPS;
				INFOPLIST_KEY_UIApplicationSceneManifest_Generation = YES;
				INFOPLIST_KEY_UIApplicationSupportsIndirectInputEvents = YES;
				INFOPLIST_KEY_UILaunchScreen_Generation = YES;
				INFOPLIST_KEY_UISupportedInterfaceOrientations_iPad = "UIInterfaceOrientationPortrait UIInterfaceOrientationPortraitUpsideDown UIInterfaceOrientationLandscapeLeft UIInterfaceOrientationLandscapeRight";
				INFOPLIST_KEY_UISupportedInterfaceOrientations_iPhone = "UIInterfaceOrientationPortrait UIInterfaceOrientationLandscapeLeft UIInterfaceOrientationLandscapeRight";
				IPHONEOS_DEPLOYMENT_TARGET = 26.1;
				LD_RUNPATH_SEARCH_PATHS = (
					"$(inherited)",
					"@executable_path/Frameworks",
				);
				MARKETING_VERSION = 1.0;
				PRODUCT_BUNDLE_IDENTIFIER = com.KitakaruizawaDesigin.FootballGPS;
				PRODUCT_NAME = "$(TARGET_NAME)";
				SDKROOT = iphoneos;
				STRING_CATALOG_GENERATE_SYMBOLS = YES;
				SWIFT_APPROACHABLE_CONCURRENCY = YES;
				SWIFT_DEFAULT_ACTOR_ISOLATION = MainActor;
				SWIFT_EMIT_LOC_STRINGS = YES;
				SWIFT_UPCOMING_FEATURE_MEMBER_IMPORT_VISIBILITY = YES;
				SWIFT_VERSION = 5.0;
				TARGETED_DEVICE_FAMILY = "1,2";
			};
			name = Debug;
		};
		21A4CBB72EE8EBAE0004C8F0 /* Release */ = {
			isa = XCBuildConfiguration;
			buildSettings = {
				ASSETCATALOG_COMPILER_APPICON_NAME = AppIcon;
				ASSETCATALOG_COMPILER_GLOBAL_ACCENT_COLOR_NAME = AccentColor;
				CODE_SIGN_STYLE = Automatic;
				CURRENT_PROJECT_VERSION = 1;
				ENABLE_PREVIEWS = YES;
				GENERATE_INFOPLIST_FILE = YES;
				INFOPLIST_KEY_CFBundleDisplayName = FootballGPS;
				INFOPLIST_KEY_UIApplicationSceneManifest_Generation = YES;
				INFOPLIST_KEY_UIApplicationSupportsIndirectInputEvents = YES;
				INFOPLIST_KEY_UILaunchScreen_Generation = YES;
				INFOPLIST_KEY_UISupportedInterfaceOrientations_iPad = "UIInterfaceOrientationPortrait UIInterfaceOrientationPortraitUpsideDown UIInterfaceOrientationLandscapeLeft UIInterfaceOrientationLandscapeRight";
				INFOPLIST_KEY_UISupportedInterfaceOrientations_iPhone = "UIInterfaceOrientationPortrait UIInterfaceOrientationLandscapeLeft UIInterfaceOrientationLandscapeRight";
				IPHONEOS_DEPLOYMENT_TARGET = 26.1;
				LD_RUNPATH_SEARCH_PATHS = (
					"$(inherited)",
					"@executable_path/Frameworks",
				);
				MARKETING_VERSION = 1.0;
				PRODUCT_BUNDLE_IDENTIFIER = com.KitakaruizawaDesigin.FootballGPS;
				PRODUCT_NAME = "$(TARGET_NAME)";
				SDKROOT = iphoneos;
				STRING_CATALOG_GENERATE_SYMBOLS = YES;
				SWIFT_APPROACHABLE_CONCURRENCY = YES;
				SWIFT_DEFAULT_ACTOR_ISOLATION = MainActor;
				SWIFT_EMIT_LOC_STRINGS = YES;
				SWIFT_UPCOMING_FEATURE_MEMBER_IMPORT_VISIBILITY = YES;
				SWIFT_VERSION = 5.0;
				TARGETED_DEVICE_FAMILY = "1,2";
				VALIDATE_PRODUCT = YES;
			};
			name = Release;
		};
		21A4CBB92EE8EBAE0004C8F0 /* Debug */ = {
			isa = XCBuildConfiguration;
			buildSettings = {
				BUNDLE_LOADER = "$(TEST_HOST)";
				CODE_SIGN_STYLE = Automatic;
				CURRENT_PROJECT_VERSION = 1;
				GENERATE_INFOPLIST_FILE = YES;
				IPHONEOS_DEPLOYMENT_TARGET = 26.1;
				MARKETING_VERSION = 1.0;
				PRODUCT_BUNDLE_IDENTIFIER = com.KitakaruizawaDesigin.FootballGPSTests;
				PRODUCT_NAME = "$(TARGET_NAME)";
				SDKROOT = iphoneos;
				STRING_CATALOG_GENERATE_SYMBOLS = NO;
				SWIFT_APPROACHABLE_CONCURRENCY = YES;
				SWIFT_EMIT_LOC_STRINGS = NO;
				SWIFT_UPCOMING_FEATURE_MEMBER_IMPORT_VISIBILITY = YES;
				SWIFT_VERSION = 5.0;
				TARGETED_DEVICE_FAMILY = "1,2";
				TEST_HOST = "$(BUILT_PRODUCTS_DIR)/FootballGPS.app/$(BUNDLE_EXECUTABLE_FOLDER_PATH)/FootballGPS";
			};
			name = Debug;
		};
		21A4CBBA2EE8EBAE0004C8F0 /* Release */ = {
			isa = XCBuildConfiguration;
			buildSettings = {
				BUNDLE_LOADER = "$(TEST_HOST)";
				CODE_SIGN_STYLE = Automatic;
				CURRENT_PROJECT_VERSION = 1;
				GENERATE_INFOPLIST_FILE = YES;
				IPHONEOS_DEPLOYMENT_TARGET = 26.1;
				MARKETING_VERSION = 1.0;
				PRODUCT_BUNDLE_IDENTIFIER = com.KitakaruizawaDesigin.FootballGPSTests;
				PRODUCT_NAME = "$(TARGET_NAME)";
				SDKROOT = iphoneos;
				STRING_CATALOG_GENERATE_SYMBOLS = NO;
				SWIFT_APPROACHABLE_CONCURRENCY = YES;
				SWIFT_EMIT_LOC_STRINGS = NO;
				SWIFT_UPCOMING_FEATURE_MEMBER_IMPORT_VISIBILITY = YES;
				SWIFT_VERSION = 5.0;
				TARGETED_DEVICE_FAMILY = "1,2";
				TEST_HOST = "$(BUILT_PRODUCTS_DIR)/FootballGPS.app/$(BUNDLE_EXECUTABLE_FOLDER_PATH)/FootballGPS";
				VALIDATE_PRODUCT = YES;
			};
			name = Release;
		};
		21A4CBBC2EE8EBAE0004C8F0 /* Debug */ = {
			isa = XCBuildConfiguration;
			buildSettings = {
				CODE_SIGN_STYLE = Automatic;
				CURRENT_PROJECT_VERSION = 1;
				GENERATE_INFOPLIST_FILE = YES;
				IPHONEOS_DEPLOYMENT_TARGET = 26.1;
				MARKETING_VERSION = 1.0;
				PRODUCT_BUNDLE_IDENTIFIER = com.KitakaruizawaDesigin.FootballGPSUITests;
				PRODUCT_NAME = "$(TARGET_NAME)";
				SDKROOT = iphoneos;
				STRING_CATALOG_GENERATE_SYMBOLS = NO;
				SWIFT_APPROACHABLE_CONCURRENCY = YES;
				SWIFT_EMIT_LOC_STRINGS = NO;
				SWIFT_UPCOMING_FEATURE_MEMBER_IMPORT_VISIBILITY = YES;
				SWIFT_VERSION = 5.0;
				TARGETED_DEVICE_FAMILY = "1,2";
				TEST_TARGET_NAME = FootballGPS;
			};
			name = Debug;
		};
		21A4CBBD2EE8EBAE0004C8F0 /* Release */ = {
			isa = XCBuildConfiguration;
			buildSettings = {
				CODE_SIGN_STYLE = Automatic;
				CURRENT_PROJECT_VERSION = 1;
				GENERATE_INFOPLIST_FILE = YES;
				IPHONEOS_DEPLOYMENT_TARGET = 26.1;
				MARKETING_VERSION = 1.0;
				PRODUCT_BUNDLE_IDENTIFIER = com.KitakaruizawaDesigin.FootballGPSUITests;
				PRODUCT_NAME = "$(TARGET_NAME)";
				SDKROOT = iphoneos;
				STRING_CATALOG_GENERATE_SYMBOLS = NO;
				SWIFT_APPROACHABLE_CONCURRENCY = YES;
				SWIFT_EMIT_LOC_STRINGS = NO;
				SWIFT_UPCOMING_FEATURE_MEMBER_IMPORT_VISIBILITY = YES;
				SWIFT_VERSION = 5.0;
				TARGETED_DEVICE_FAMILY = "1,2";
				TEST_TARGET_NAME = FootballGPS;
				VALIDATE_PRODUCT = YES;
			};
			name = Release;
		};
		21A4CBBF2EE8EBAE0004C8F0 /* Debug */ = {
			isa = XCBuildConfiguration;
			buildSettings = {
				BUNDLE_LOADER = "$(TEST_HOST)";
				CODE_SIGN_STYLE = Automatic;
				CURRENT_PROJECT_VERSION = 1;
				GENERATE_INFOPLIST_FILE = YES;
				MARKETING_VERSION = 1.0;
				PRODUCT_BUNDLE_IDENTIFIER = "com.KitakaruizawaDesigin.FootballGPS-Watch-AppTests";
				PRODUCT_NAME = "$(TARGET_NAME)";
				SDKROOT = watchos;
				STRING_CATALOG_GENERATE_SYMBOLS = NO;
				SWIFT_APPROACHABLE_CONCURRENCY = YES;
				SWIFT_EMIT_LOC_STRINGS = NO;
				SWIFT_UPCOMING_FEATURE_MEMBER_IMPORT_VISIBILITY = YES;
				SWIFT_VERSION = 5.0;
				TARGETED_DEVICE_FAMILY = 4;
				TEST_HOST = "$(BUILT_PRODUCTS_DIR)/FootballGPS Watch App.app/$(BUNDLE_EXECUTABLE_FOLDER_PATH)/FootballGPS Watch App";
				WATCHOS_DEPLOYMENT_TARGET = 26.1;
			};
			name = Debug;
		};
		21A4CBC02EE8EBAE0004C8F0 /* Release */ = {
			isa = XCBuildConfiguration;
			buildSettings = {
				BUNDLE_LOADER = "$(TEST_HOST)";
				CODE_SIGN_STYLE = Automatic;
				CURRENT_PROJECT_VERSION = 1;
				GENERATE_INFOPLIST_FILE = YES;
				MARKETING_VERSION = 1.0;
				PRODUCT_BUNDLE_IDENTIFIER = "com.KitakaruizawaDesigin.FootballGPS-Watch-AppTests";
				PRODUCT_NAME = "$(TARGET_NAME)";
				SDKROOT = watchos;
				STRING_CATALOG_GENERATE_SYMBOLS = NO;
				SWIFT_APPROACHABLE_CONCURRENCY = YES;
				SWIFT_EMIT_LOC_STRINGS = NO;
				SWIFT_UPCOMING_FEATURE_MEMBER_IMPORT_VISIBILITY = YES;
				SWIFT_VERSION = 5.0;
				TARGETED_DEVICE_FAMILY = 4;
				TEST_HOST = "$(BUILT_PRODUCTS_DIR)/FootballGPS Watch App.app/$(BUNDLE_EXECUTABLE_FOLDER_PATH)/FootballGPS Watch App";
				VALIDATE_PRODUCT = YES;
				WATCHOS_DEPLOYMENT_TARGET = 26.1;
			};
			name = Release;
		};
		21A4CBC22EE8EBAE0004C8F0 /* Debug */ = {
			isa = XCBuildConfiguration;
			buildSettings = {
				CODE_SIGN_STYLE = Automatic;
				CURRENT_PROJECT_VERSION = 1;
				GENERATE_INFOPLIST_FILE = YES;
				MARKETING_VERSION = 1.0;
				PRODUCT_BUNDLE_IDENTIFIER = "com.KitakaruizawaDesigin.FootballGPS-Watch-AppUITests";
				PRODUCT_NAME = "$(TARGET_NAME)";
				SDKROOT = watchos;
				STRING_CATALOG_GENERATE_SYMBOLS = NO;
				SWIFT_APPROACHABLE_CONCURRENCY = YES;
				SWIFT_EMIT_LOC_STRINGS = NO;
				SWIFT_UPCOMING_FEATURE_MEMBER_IMPORT_VISIBILITY = YES;
				SWIFT_VERSION = 5.0;
				TARGETED_DEVICE_FAMILY = 4;
				TEST_TARGET_NAME = "FootballGPS Watch App";
				WATCHOS_DEPLOYMENT_TARGET = 26.1;
			};
			name = Debug;
		};
		21A4CBC32EE8EBAE0004C8F0 /* Release */ = {
			isa = XCBuildConfiguration;
			buildSettings = {
				CODE_SIGN_STYLE = Automatic;
				CURRENT_PROJECT_VERSION = 1;
				GENERATE_INFOPLIST_FILE = YES;
				MARKETING_VERSION = 1.0;
				PRODUCT_BUNDLE_IDENTIFIER = "com.KitakaruizawaDesigin.FootballGPS-Watch-AppUITests";
				PRODUCT_NAME = "$(TARGET_NAME)";
				SDKROOT = watchos;
				STRING_CATALOG_GENERATE_SYMBOLS = NO;
				SWIFT_APPROACHABLE_CONCURRENCY = YES;
				SWIFT_EMIT_LOC_STRINGS = NO;
				SWIFT_UPCOMING_FEATURE_MEMBER_IMPORT_VISIBILITY = YES;
				SWIFT_VERSION = 5.0;
				TARGETED_DEVICE_FAMILY = 4;
				TEST_TARGET_NAME = "FootballGPS Watch App";
				VALIDATE_PRODUCT = YES;
				WATCHOS_DEPLOYMENT_TARGET = 26.1;
			};
			name = Release;
		};
/* End XCBuildConfiguration section */

/* Begin XCConfigurationList section */
		21A4CB662EE8EBAA0004C8F0 /* Build configuration list for PBXProject "FootballGPS" */ = {
			isa = XCConfigurationList;
			buildConfigurations = (
				21A4CBAF2EE8EBAE0004C8F0 /* Debug */,
				21A4CBB02EE8EBAE0004C8F0 /* Release */,
			);
			defaultConfigurationIsVisible = 0;
			defaultConfigurationName = Release;
		};
		21A4CBB12EE8EBAE0004C8F0 /* Build configuration list for PBXNativeTarget "FootballGPS Watch App" */ = {
			isa = XCConfigurationList;
			buildConfigurations = (
				21A4CBB22EE8EBAE0004C8F0 /* Debug */,
				21A4CBB32EE8EBAE0004C8F0 /* Release */,
			);
			defaultConfigurationIsVisible = 0;
			defaultConfigurationName = Release;
		};
		21A4CBB52EE8EBAE0004C8F0 /* Build configuration list for PBXNativeTarget "FootballGPS" */ = {
			isa = XCConfigurationList;
			buildConfigurations = (
				21A4CBB62EE8EBAE0004C8F0 /* Debug */,
				21A4CBB72EE8EBAE0004C8F0 /* Release */,
			);
			defaultConfigurationIsVisible = 0;
			defaultConfigurationName = Release;
		};
		21A4CBB82EE8EBAE0004C8F0 /* Build configuration list for PBXNativeTarget "FootballGPSTests" */ = {
			isa = XCConfigurationList;
			buildConfigurations = (
				21A4CBB92EE8EBAE0004C8F0 /* Debug */,
				21A4CBBA2EE8EBAE0004C8F0 /* Release */,
			);
			defaultConfigurationIsVisible = 0;
			defaultConfigurationName = Release;
		};
		21A4CBBB2EE8EBAE0004C8F0 /* Build configuration list for PBXNativeTarget "FootballGPSUITests" */ = {
			isa = XCConfigurationList;
			buildConfigurations = (
				21A4CBBC2EE8EBAE0004C8F0 /* Debug */,
				21A4CBBD2EE8EBAE0004C8F0 /* Release */,
			);
			defaultConfigurationIsVisible = 0;
			defaultConfigurationName = Release;
		};
		21A4CBBE2EE8EBAE0004C8F0 /* Build configuration list for PBXNativeTarget "FootballGPS Watch AppTests" */ = {
			isa = XCConfigurationList;
			buildConfigurations = (
				21A4CBBF2EE8EBAE0004C8F0 /* Debug */,
				21A4CBC02EE8EBAE0004C8F0 /* Release */,
			);
			defaultConfigurationIsVisible = 0;
			defaultConfigurationName = Release;
		};
		21A4CBC12EE8EBAE0004C8F0 /* Build configuration list for PBXNativeTarget "FootballGPS Watch AppUITests" */ = {
			isa = XCConfigurationList;
			buildConfigurations = (
				21A4CBC22EE8EBAE0004C8F0 /* Debug */,
				21A4CBC32EE8EBAE0004C8F0 /* Release */,
			);
			defaultConfigurationIsVisible = 0;
			defaultConfigurationName = Release;
		};
/* End XCConfigurationList section */
	};
	rootObject = 21A4CB632EE8EBAA0004C8F0 /* Project object */;
}
